{
  "name": "eslint-config-webextension",
  "version": "0.6.1",
  "lockfileVersion": 1,
  "requires": true,
  "dependencies": {
    "confusing-browser-globals": {
      "version": "1.0.10",
      "resolved": "https://registry.npmjs.org/confusing-browser-globals/-/confusing-browser-globals-1.0.10.tgz",
      "integrity": "sha512-gNld/3lySHwuhaVluJUKLePYirM3QNCKzVxqAdhJII9/WXKVX5PURzMVJspS1jTslSqjeuG4KMVTSouit5YPHA=="
    },
    "typescript": {
      "version": "4.1.2",
      "resolved": "https://registry.npmjs.org/typescript/-/typescript-4.1.2.tgz",
      "integrity": "sha512-thGloWsGH3SOxv1SoY7QojKi0tc+8FnOmiarEGMbd/lar7QOEd3hvlx3Fp5y6FlDUGl9L+pd4n2e+oToGMmhRQ==",
      "dev": true
    }
  }
}
