{
  "name": "eslint-config-webextension",
  "version": "0.4.7",
  "lockfileVersion": 1,
  "requires": true,
  "dependencies": {
    "confusing-browser-globals": {
      "version": "1.0.8",
      "resolved": "https://registry.npmjs.org/confusing-browser-globals/-/confusing-browser-globals-1.0.8.tgz",
      "integrity": "sha512-lI7asCibVJ6Qd3FGU7mu4sfG4try4LX3+GVS+Gv8UlrEf2AeW57piecapnog2UHZSbcX/P/1UDWVaTsblowlZg=="
    },
    "typescript": {
      "version": "3.5.3",
      "resolved": "https://registry.npmjs.org/typescript/-/typescript-3.5.3.tgz",
      "integrity": "sha512-ACzBtm/PhXBDId6a6sDJfroT2pOWt/oOnk4/dElG5G33ZL776N3Y6/6bKZJBFpd+b05F3Ct9qDjMeJmRWtE2/g==",
      "dev": true
    }
  }
}
